# THIS IS AN AUTOGENERATED FILE. DO NOT EDIT THIS FILE DIRECTLY.
# yarn lockfile v1


"@mdn/browser-compat-data@^4.0.11":
  version "4.1.7"
  resolved "https://registry.npmmirror.com/@mdn/browser-compat-data/-/browser-compat-data-4.1.7.tgz#2dfbf667e69ee7bb90b807b07c353b2d12f21708"
  integrity sha512-rOxg9jU9L3PrwhHI5DEqKOARt/gCXku/j3RvaEfP8hxeMI6bh0Ov1TqcgoajA/D01PXKTuLfEYvF3kWuheRB7w==

"@rollup/plugin-typescript@^8.3.0":
  version "8.3.0"
  resolved "https://registry.npmmirror.com/@rollup/plugin-typescript/-/plugin-typescript-8.3.0.tgz#bc1077fa5897b980fc27e376c4e377882c63e68b"
  integrity sha512-I5FpSvLbtAdwJ+naznv+B4sjXZUcIvLLceYpITAn7wAP8W0wqc5noLdGIp9HGVntNhRWXctwPYrSSFQxtl0FPA==
  dependencies:
    "@rollup/pluginutils" "^3.1.0"
    resolve "^1.17.0"

"@rollup/pluginutils@^3.1.0":
  version "3.1.0"
  resolved "https://registry.npmmirror.com/@rollup/pluginutils/-/pluginutils-3.1.0.tgz#706b4524ee6dc8b103b3c995533e5ad680c02b9b"
  integrity sha512-GksZ6pr6TpIjHm8h9lSQ8pi8BE9VeubNT0OMJ3B5uZJ8pz73NPiqOtCog/x2/QzM1ENChPKxMDhiQuRHsqc+lg==
  dependencies:
    "@types/estree" "0.0.39"
    estree-walker "^1.0.1"
    picomatch "^2.2.2"

"@rollup/pluginutils@^4.1.2":
  version "4.1.2"
  resolved "https://registry.npmmirror.com/@rollup/pluginutils/-/pluginutils-4.1.2.tgz#ed5821c15e5e05e32816f5fb9ec607cdf5a75751"
  integrity sha512-ROn4qvkxP9SyPeHaf7uQC/GPFY6L/OWy9+bd9AwcjOAWQwxRscoEyAUD8qCY5o5iL4jqQwoLk2kaTKJPb/HwzQ==
  dependencies:
    estree-walker "^2.0.1"
    picomatch "^2.2.2"

"@types/estree@0.0.39":
  version "0.0.39"
  resolved "https://registry.npmmirror.com/@types/estree/-/estree-0.0.39.tgz#e177e699ee1b8c22d23174caaa7422644389509f"
  integrity sha512-EYNwp3bU+98cpU4lAWYYL7Zz+2gryWH1qbdDTidVd6hkiR6weksdbMadyXKXNPEkQFhXM+hVO9ZygomHXp+AIw==

"@types/node@^16.11.7":
  version "16.11.23"
  resolved "https://registry.npmmirror.com/@types/node/-/node-16.11.23.tgz#47677957c66c95f0d85787f4989ee89c58312480"
  integrity sha512-Br/QS/NWL1/WJhCgRh7L4dJb7RAf0SHygJ+jCNdXCUSA+85v5tRz8PCdiJ9I6mP9jTZ7a1gWDeMBCUKlUZQh6g==

"@types/object-path@^0.11.1":
  version "0.11.1"
  resolved "https://registry.npmmirror.com/@types/object-path/-/object-path-0.11.1.tgz#eea5b357518597fc9c0a067ea3147f599fc1514f"
  integrity sha512-219LSCO9HPcoXcRTC6DbCs0FRhZgBnEMzf16RRqkT40WbkKx3mOeQuz3e2XqbfhOz/AHfbru0kzB1n1RCAsIIg==

"@types/semver@^7.3.9":
  version "7.3.9"
  resolved "https://registry.npmmirror.com/@types/semver/-/semver-7.3.9.tgz#152c6c20a7688c30b967ec1841d31ace569863fc"
  integrity sha512-L/TMpyURfBkf+o/526Zb6kd/tchUP3iBDEPjqjb+U2MAJhVRxxrmr2fwpe08E7QsV7YLcpq0tUaQ9O9x97ZIxQ==

"@types/ua-parser-js@^0.7.36":
  version "0.7.36"
  resolved "https://registry.npmmirror.com/@types/ua-parser-js/-/ua-parser-js-0.7.36.tgz#9bd0b47f26b5a3151be21ba4ce9f5fa457c5f190"
  integrity sha512-N1rW+njavs70y2cApeIw1vLMYXRwfBy+7trgavGuuTfOd7j1Yh7QTRc/yqsPl6ncokt72ZXuxEU0PiCp9bSwNQ==

"@wessberg/stringutil@^1.0.19":
  version "1.0.19"
  resolved "https://registry.npmmirror.com/@wessberg/stringutil/-/stringutil-1.0.19.tgz#baadcb6f4471fe2d46462a7d7a8294e4b45b29ad"
  integrity sha512-9AZHVXWlpN8Cn9k5BC/O0Dzb9E9xfEMXzYrNunwvkUTvuK7xgQPVRZpLo+jWCOZ5r8oBa8NIrHuPEu1hzbb6bg==

ansi-styles@^4.1.0:
  version "4.3.0"
  resolved "https://registry.npmmirror.com/ansi-styles/-/ansi-styles-4.3.0.tgz#edd803628ae71c04c85ae7a0906edad34b648937"
  integrity sha512-zbB9rCJAT1rbjiVDb2hqKFHNYLxgtk8NURxZ3IZwD3F6NtxbXZQCnnSi1Lkx+IDohdPlFp222wVALIheZJQSEg==
  dependencies:
    color-convert "^2.0.1"

browserslist-generator@^1.0.65:
  version "1.0.65"
  resolved "https://registry.npmmirror.com/browserslist-generator/-/browserslist-generator-1.0.65.tgz#2fcc51efd837ab15d278adfca25a90cac7406723"
  integrity sha512-2+p27BTZ0T6fGAn57IZOoGRTDqIhaHVPHWTg5ZejMA/SKaQG1ChvfOnb9sxqRwLMUGtrUXbX0QQA7H1s6oQh0A==
  dependencies:
    "@mdn/browser-compat-data" "^4.0.11"
    "@types/object-path" "^0.11.1"
    "@types/semver" "^7.3.9"
    "@types/ua-parser-js" "^0.7.36"
    browserslist "4.18.1"
    caniuse-lite "^1.0.30001282"
    isbot "3.3.4"
    object-path "^0.11.8"
    semver "^7.3.5"
    ua-parser-js "^1.0.2"

browserslist@4.18.1:
  version "4.18.1"
  resolved "https://registry.npmmirror.com/browserslist/-/browserslist-4.18.1.tgz#60d3920f25b6860eb917c6c7b185576f4d8b017f"
  integrity sha512-8ScCzdpPwR2wQh8IT82CA2VgDwjHyqMovPBZSNH54+tm4Jk2pCuv90gmAdH6J84OCRWi0b4gMe6O6XPXuJnjgQ==
  dependencies:
    caniuse-lite "^1.0.30001280"
    electron-to-chromium "^1.3.896"
    escalade "^3.1.1"
    node-releases "^2.0.1"
    picocolors "^1.0.0"

browserslist@^4.19.1:
  version "4.19.1"
  resolved "https://registry.npmmirror.com/browserslist/-/browserslist-4.19.1.tgz#4ac0435b35ab655896c31d53018b6dd5e9e4c9a3"
  integrity sha512-u2tbbG5PdKRTUoctO3NBD8FQ5HdPh1ZXPHzp1rwaa5jTc+RV9/+RlWiAIKmjRPQF+xbGM9Kklj5bZQFa2s/38A==
  dependencies:
    caniuse-lite "^1.0.30001286"
    electron-to-chromium "^1.4.17"
    escalade "^3.1.1"
    node-releases "^2.0.1"
    picocolors "^1.0.0"

caniuse-lite@^1.0.30001280, caniuse-lite@^1.0.30001282, caniuse-lite@^1.0.30001286:
  version "1.0.30001310"
  resolved "https://registry.npmmirror.com/caniuse-lite/-/caniuse-lite-1.0.30001310.tgz#da02cd07432c9eece6992689d1b84ca18139eea8"
  integrity sha512-cb9xTV8k9HTIUA3GnPUJCk0meUnrHL5gy5QePfDjxHyNBcnzPzrHFv5GqfP7ue5b1ZyzZL0RJboD6hQlPXjhjg==

chalk@4.1.2:
  version "4.1.2"
  resolved "https://registry.npmmirror.com/chalk/-/chalk-4.1.2.tgz#aac4e2b7734a740867aeb16bf02aad556a1e7a01"
  integrity sha512-oKnbhFyRIXpUuez8iBMmyEa4nbj4IOQyuhc/wy9kY7/WVPcwIO9VA668Pu8RkO7+0G76SLROeyw9CpQ061i4mA==
  dependencies:
    ansi-styles "^4.1.0"
    supports-color "^7.1.0"

color-convert@^2.0.1:
  version "2.0.1"
  resolved "https://registry.npmmirror.com/color-convert/-/color-convert-2.0.1.tgz#72d3a68d598c9bdb3af2ad1e84f21d896abd4de3"
  integrity sha512-RRECPsj7iu/xb5oKYcsFHSppFNnsj/52OVTRKb4zP5onXwVF3zVmmToNcOfGC+CRDpfK/U584fMg38ZHCaElKQ==
  dependencies:
    color-name "~1.1.4"

color-name@~1.1.4:
  version "1.1.4"
  resolved "https://registry.npmmirror.com/color-name/-/color-name-1.1.4.tgz#c2a09a87acbde69543de6f63fa3995c826c536a2"
  integrity sha512-dOy+3AuW3a2wNbZHIuMZpTcgjGuLU/uBL/ubcZF9OXbDo8ff4O8yVp5Bf0efS8uEoYo5q4Fx7dY9OgQGXgAsQA==

compatfactory@^0.0.12:
  version "0.0.12"
  resolved "https://registry.npmmirror.com/compatfactory/-/compatfactory-0.0.12.tgz#65dc8cddc59387e8e47a7cf5f9d8b79050829804"
  integrity sha512-DD5S1s2mIoVIpYfhCqNZPbOFlt9JDLkXc4d8fAZaeWWIsl7w3bmVS0HNlUkU2SB6iZOdXOjYZgeJZClmL1xnRg==
  dependencies:
    helpertypes "^0.0.17"

crosspath@1.0.0:
  version "1.0.0"
  resolved "https://registry.npmmirror.com/crosspath/-/crosspath-1.0.0.tgz#0892ebb51676eb57df56db8c7c46d3344555051b"
  integrity sha512-mpjkSErNO6vioL/Cde2aF4UBysPFEMyn+1AN1t7Oc4yqvzSRWe8iBte4P8BHyjo64OmC+ZBxwjIqmpSpIWiQ7Q==
  dependencies:
    "@types/node" "^16.11.7"

electron-to-chromium@^1.3.896, electron-to-chromium@^1.4.17:
  version "1.4.68"
  resolved "https://registry.npmmirror.com/electron-to-chromium/-/electron-to-chromium-1.4.68.tgz#d79447b6bd1bec9183f166bb33d4bef0d5e4e568"
  integrity sha512-cId+QwWrV8R1UawO6b9BR1hnkJ4EJPCPAr4h315vliHUtVUJDk39Sg1PMNnaWKfj5x+93ssjeJ9LKL6r8LaMiA==

escalade@^3.1.1:
  version "3.1.1"
  resolved "https://registry.npmmirror.com/escalade/-/escalade-3.1.1.tgz#d8cfdc7000965c5a0174b4a82eaa5c0552742e40"
  integrity sha512-k0er2gUkLf8O0zKJiAhmkTnJlTvINGv7ygDNPbeIsX/TJjGJZHuh9B2UxbsaEkmlEo9MfhrSzmhIlhRlI2GXnw==

estree-walker@^1.0.1:
  version "1.0.1"
  resolved "https://registry.npmmirror.com/estree-walker/-/estree-walker-1.0.1.tgz#31bc5d612c96b704106b477e6dd5d8aa138cb700"
  integrity sha512-1fMXF3YP4pZZVozF8j/ZLfvnR8NSIljt56UhbZ5PeeDmmGHpgpdwQt7ITlGvYaQukCvuBRMLEiKiYC+oeIg4cg==

estree-walker@^2.0.1:
  version "2.0.2"
  resolved "https://registry.npmmirror.com/estree-walker/-/estree-walker-2.0.2.tgz#52f010178c2a4c117a7757cfe942adb7d2da4cac"
  integrity sha512-Rfkk/Mp/DL7JVje3u18FxFujQlTNR2q6QfMSMB7AvCBx91NGj/ba3kCfza0f6dVDbw7YlRf/nDrn7pQrCCyQ/w==

fsevents@~2.3.2:
  version "2.3.2"
  resolved "https://registry.npmmirror.com/fsevents/-/fsevents-2.3.2.tgz#8a526f78b8fdf4623b709e0b975c52c24c02fd1a"
  integrity sha512-xiqMQR4xAeHTuB9uWm+fFRcIOgKBMiOBP+eXiyT7jsgVCq1bkVygt00oASowB7EdtpOHaaPgKt812P9ab+DDKA==

function-bind@^1.1.1:
  version "1.1.1"
  resolved "https://registry.npmmirror.com/function-bind/-/function-bind-1.1.1.tgz#a56899d3ea3c9bab874bb9773b7c5ede92f4895d"
  integrity sha512-yIovAzMX49sF8Yl58fSCWJ5svSLuaibPxXQJFLmBObTuCr0Mf1KiPopGM9NiFjiYBCbfaa2Fh6breQ6ANVTI0A==

has-flag@^4.0.0:
  version "4.0.0"
  resolved "https://registry.npmmirror.com/has-flag/-/has-flag-4.0.0.tgz#944771fd9c81c81265c4d6941860da06bb59479b"
  integrity sha512-EykJT/Q1KjTWctppgIAgfSO0tKVuZUjhgMr17kqTumMl6Afv3EISleU7qZUzoXDFTAHTDC4NOoG/ZxU3EvlMPQ==

has@^1.0.3:
  version "1.0.3"
  resolved "https://registry.npmmirror.com/has/-/has-1.0.3.tgz#722d7cbfc1f6aa8241f16dd814e011e1f41e8796"
  integrity sha512-f2dvO0VU6Oej7RkWJGrehjbzMAjFp5/VKPp5tTpWIV4JHHZK1/BxbFRtf/siA2SWTe09caDmVtYYzWEIbBS4zw==
  dependencies:
    function-bind "^1.1.1"

helpertypes@^0.0.17:
  version "0.0.17"
  resolved "https://registry.npmmirror.com/helpertypes/-/helpertypes-0.0.17.tgz#6a0c2dc773888845b5fbeab3487b9f55a4919bc0"
  integrity sha512-muWKRSBsqN3MzqLdh82QfV7vWWwAYvHh3On87z898X+xZ5H2tPRQ5Y6hHA3BXSE+TueztA07iw5bInjwAT3x8A==

is-core-module@^2.8.1:
  version "2.8.1"
  resolved "https://registry.npmmirror.com/is-core-module/-/is-core-module-2.8.1.tgz#f59fdfca701d5879d0a6b100a40aa1560ce27211"
  integrity sha512-SdNCUs284hr40hFTFP6l0IfZ/RSrMXF3qgoRHd3/79unUTvrFO/JoXwkGm+5J/Oe3E/b5GsnG330uUNgRpu1PA==
  dependencies:
    has "^1.0.3"

isbot@3.3.4:
  version "3.3.4"
  resolved "https://registry.npmmirror.com/isbot/-/isbot-3.3.4.tgz#17d6230a604d8185922476b4966091abb4b43657"
  integrity sha512-a6o/e6nBMoRGvoovg5NT2r/N7S4398yCDXc6HgEOILdBAjYv05SX1MBhgc8SHnEJdRyLfOpAPqc10ezLWkj7rQ==

lru-cache@^6.0.0:
  version "6.0.0"
  resolved "https://registry.npmmirror.com/lru-cache/-/lru-cache-6.0.0.tgz#6d6fe6570ebd96aaf90fcad1dafa3b2566db3a94"
  integrity sha512-Jo6dJ04CmSjuznwJSS3pUeWmd/H0ffTlkXXgwZi+eq1UCmqQwCh+eLsYOYCwY991i2Fah4h1BEMCx4qThGbsiA==
  dependencies:
    yallist "^4.0.0"

magic-string@^0.25.7:
  version "0.25.7"
  resolved "https://registry.npmmirror.com/magic-string/-/magic-string-0.25.7.tgz#3f497d6fd34c669c6798dcb821f2ef31f5445051"
  integrity sha512-4CrMT5DOHTDk4HYDlzmwu4FVCcIYI8gauveasrdCu2IKIFOJ3f0v/8MDGJCDL9oD2ppz/Av1b0Nj345H9M+XIA==
  dependencies:
    sourcemap-codec "^1.4.4"

node-releases@^2.0.1:
  version "2.0.2"
  resolved "https://registry.npmmirror.com/node-releases/-/node-releases-2.0.2.tgz#7139fe71e2f4f11b47d4d2986aaf8c48699e0c01"
  integrity sha512-XxYDdcQ6eKqp/YjI+tb2C5WM2LgjnZrfYg4vgQt49EK268b6gYCHsBLrK2qvJo4FmCtqmKezb0WZFK4fkrZNsg==

object-path@^0.11.8:
  version "0.11.8"
  resolved "https://registry.npmmirror.com/object-path/-/object-path-0.11.8.tgz#ed002c02bbdd0070b78a27455e8ae01fc14d4742"
  integrity sha512-YJjNZrlXJFM42wTBn6zgOJVar9KFJvzx6sTWDte8sWZF//cnjl0BxHNpfZx+ZffXX63A9q0b1zsFiBX4g4X5KA==

path-parse@^1.0.7:
  version "1.0.7"
  resolved "https://registry.npmmirror.com/path-parse/-/path-parse-1.0.7.tgz#fbc114b60ca42b30d9daf5858e4bd68bbedb6735"
  integrity sha512-LDJzPVEEEPR+y48z93A0Ed0yXb8pAByGWo/k5YYdYgpY2/2EsOsksJrq7lOHxryrVOn1ejG6oAp8ahvOIQD8sw==

picocolors@^1.0.0:
  version "1.0.0"
  resolved "https://registry.npmmirror.com/picocolors/-/picocolors-1.0.0.tgz#cb5bdc74ff3f51892236eaf79d68bc44564ab81c"
  integrity sha512-1fygroTLlHu66zi26VoTDv8yRgm0Fccecssto+MhsZ0D/DGW2sm8E8AjW7NU5VVTRt5GxbeZ5qBuJr+HyLYkjQ==

picomatch@^2.2.2:
  version "2.3.1"
  resolved "https://registry.npmmirror.com/picomatch/-/picomatch-2.3.1.tgz#3ba3833733646d9d3e4995946c1365a67fb07a42"
  integrity sha512-JU3teHTNjmE2VCGFzuY8EXzCDVwEqB2a8fsIvwaStHhAWJEeVd1o1QD80CU6+ZdEXXSLbSsuLwJjkCBWqRQUVA==

resolve@^1.17.0:
  version "1.22.0"
  resolved "https://registry.npmmirror.com/resolve/-/resolve-1.22.0.tgz#5e0b8c67c15df57a89bdbabe603a002f21731198"
  integrity sha512-Hhtrw0nLeSrFQ7phPp4OOcVjLPIeMnRlr5mcnVuMe7M/7eBn98A3hmFRLoFo3DLZkivSYwhRUJTyPyWAk56WLw==
  dependencies:
    is-core-module "^2.8.1"
    path-parse "^1.0.7"
    supports-preserve-symlinks-flag "^1.0.0"

rollup-plugin-ts@^2.0.5:
  version "2.0.5"
  resolved "https://registry.npmmirror.com/rollup-plugin-ts/-/rollup-plugin-ts-2.0.5.tgz#35a23bbcd24deb8c5594e89a8fb1a7cdab3fa5c4"
  integrity sha512-yLfu46XsheAEDs+OxCMnHszble9pYwGYDML82lpMw3x/65kgwd9UQSkPX0HZGk+6L+MN8hFgqeh+SPmv+uOz1w==
  dependencies:
    "@rollup/pluginutils" "^4.1.2"
    "@wessberg/stringutil" "^1.0.19"
    browserslist "^4.19.1"
    browserslist-generator "^1.0.65"
    chalk "4.1.2"
    compatfactory "^0.0.12"
    crosspath "1.0.0"
    magic-string "^0.25.7"
    ts-clone-node "^0.3.30"
    tslib "^2.3.1"

rollup@^2.67.1:
  version "2.67.1"
  resolved "https://registry.npmmirror.com/rollup/-/rollup-2.67.1.tgz#4402665706fa00f321d446ce45f880e02cf54f01"
  integrity sha512-1Sbcs4OuW+aD+hhqpIRl+RqooIpF6uQcfzU/QSI7vGkwADY6cM4iLsBGRM2CGLXDTDN5y/yShohFmnKegSPWzg==
  optionalDependencies:
    fsevents "~2.3.2"

semver@^7.3.5:
  version "7.3.5"
  resolved "https://registry.npmmirror.com/semver/-/semver-7.3.5.tgz#0b621c879348d8998e4b0e4be94b3f12e6018ef7"
  integrity sha512-PoeGJYh8HK4BTO/a9Tf6ZG3veo/A7ZVsYrSA6J8ny9nb3B1VrpkuN+z9OE5wfE5p6H4LchYZsegiQgbJD94ZFQ==
  dependencies:
    lru-cache "^6.0.0"

sourcemap-codec@^1.4.4:
  version "1.4.8"
  resolved "https://registry.npmmirror.com/sourcemap-codec/-/sourcemap-codec-1.4.8.tgz#ea804bd94857402e6992d05a38ef1ae35a9ab4c4"
  integrity sha512-9NykojV5Uih4lgo5So5dtw+f0JgJX30KCNI8gwhz2J9A15wD0Ml6tjHKwf6fTSa6fAdVBdZeNOs9eJ71qCk8vA==

supports-color@^7.1.0:
  version "7.2.0"
  resolved "https://registry.npmmirror.com/supports-color/-/supports-color-7.2.0.tgz#1b7dcdcb32b8138801b3e478ba6a51caa89648da"
  integrity sha512-qpCAvRl9stuOHveKsn7HncJRvv501qIacKzQlO/+Lwxc9+0q2wLyv4Dfvt80/DPn2pqOBsJdDiogXGR9+OvwRw==
  dependencies:
    has-flag "^4.0.0"

supports-preserve-symlinks-flag@^1.0.0:
  version "1.0.0"
  resolved "https://registry.npmmirror.com/supports-preserve-symlinks-flag/-/supports-preserve-symlinks-flag-1.0.0.tgz#6eda4bd344a3c94aea376d4cc31bc77311039e09"
  integrity sha512-ot0WnXS9fgdkgIcePe6RHNk1WA8+muPa6cSjeR3V8K27q9BB1rTE3R1p7Hv0z1ZyAc8s6Vvv8DIyWf681MAt0w==

ts-clone-node@^0.3.30:
  version "0.3.30"
  resolved "https://registry.npmmirror.com/ts-clone-node/-/ts-clone-node-0.3.30.tgz#ac61b2bcb7611e00fd4d12195d8964d438b6282d"
  integrity sha512-T9RLibxk0UBHelLUnSIZNyTxlPzcEk+KFFLXBUAG9YFJ3gPOYRrgD/RHnrlAxwEJ9Gq5S/iB8m3tcuTKtgf5Rw==
  dependencies:
    compatfactory "^0.0.12"

tslib@^2.3.1:
  version "2.3.1"
  resolved "https://registry.npmmirror.com/tslib/-/tslib-2.3.1.tgz#e8a335add5ceae51aa261d32a490158ef042ef01"
  integrity sha512-77EbyPPpMz+FRFRuAFlWMtmgUWGe9UOG2Z25NqCwiIjRhOf5iKGuzSe5P2w1laq+FkRy4p+PCuVkJSGkzTEKVw==

typescript@^4.5.5:
  version "4.5.5"
  resolved "https://registry.npmmirror.com/typescript/-/typescript-4.5.5.tgz#d8c953832d28924a9e3d37c73d729c846c5896f3"
  integrity sha512-TCTIul70LyWe6IJWT8QSYeA54WQe8EjQFU4wY52Fasj5UKx88LNYKCgBEHcOMOrFF1rKGbD8v/xcNWVUq9SymA==

ua-parser-js@^1.0.2:
  version "1.0.2"
  resolved "https://registry.npmmirror.com/ua-parser-js/-/ua-parser-js-1.0.2.tgz#e2976c34dbfb30b15d2c300b2a53eac87c57a775"
  integrity sha512-00y/AXhx0/SsnI51fTc0rLRmafiGOM4/O+ny10Ps7f+j/b8p/ZY11ytMgznXkOVo4GQ+KwQG5UQLkLGirsACRg==

yallist@^4.0.0:
  version "4.0.0"
  resolved "https://registry.npmmirror.com/yallist/-/yallist-4.0.0.tgz#9bb92790d9c0effec63be73519e11a35019a3a72"
  integrity sha512-3wdGidZyq5PB084XLES5TpOSRA3wjXAlIWMhum2kRcv/41Sn2emQ0dycQW4uZXLejwKvg6EsvbdlVL+FYEct7A==
